{
  "name": "backend",
  "lockfileVersion": 3,
  "requires": true,
  "packages": {
    "": {
      "dependencies": {
        "backend": "file:.."
      },
      "devDependencies": {
        "@prisma/engines": "^7.1.0"
      }
    },
    "..": {
      "version": "1.0.0",
      "license": "ISC",
      "dependencies": {
        "@prisma/client": "^7.1.0",
        "cors": "^2.8.5",
        "dotenv": "^17.2.3",
        "express": "^5.2.1",
        "joi": "^18.0.2",
        "nodemon": "^3.1.11"
      },
      "devDependencies": {
        "@types/cors": "^2.8.19",
        "@types/express": "^5.0.6",
        "@types/node": "^25.0.2",
        "prisma": "^7.1.0",
        "tsx": "^4.21.0",
        "typescript": "^5.9.3"
      }
    },
    "node_modules/@prisma/debug": {
      "version": "7.1.0",
      "resolved": "https://registry.npmjs.org/@prisma/debug/-/debug-7.1.0.tgz",
      "integrity": "sha512-pPAckG6etgAsEBusmZiFwM9bldLSNkn++YuC4jCTJACdK5hLOVnOzX7eSL2FgaU6Gomd6wIw21snUX2dYroMZQ==",
      "dev": true,
      "license": "Apache-2.0"
    },
    "node_modules/@prisma/engines": {
      "version": "7.1.0",
      "resolved": "https://registry.npmjs.org/@prisma/engines/-/engines-7.1.0.tgz",
      "integrity": "sha512-KQlraOybdHAzVv45KWKJzpR9mJLkib7/TyApQpqrsL7FUHfgjIcy8jrVGt3iNfG6/GDDl+LNlJ84JSQwIfdzxA==",
      "dev": true,
      "hasInstallScript": true,
      "license": "Apache-2.0",
      "dependencies": {
        "@prisma/debug": "7.1.0",
        "@prisma/engines-version": "7.1.0-6.ab635e6b9d606fa5c8fb8b1a7f909c3c3c1c98ba",
        "@prisma/fetch-engine": "7.1.0",
        "@prisma/get-platform": "7.1.0"
      }
    },
    "node_modules/@prisma/engines-version": {
      "version": "7.1.0-6.ab635e6b9d606fa5c8fb8b1a7f909c3c3c1c98ba",
      "resolved": "https://registry.npmjs.org/@prisma/engines-version/-/engines-version-7.1.0-6.ab635e6b9d606fa5c8fb8b1a7f909c3c3c1c98ba.tgz",
      "integrity": "sha512-qZUevUh+yPhGT28rDQnV8V2kLnFjirzhVD67elRPIJHRsUV/mkII10HSrJrhK/U2GYgAxXR2VEREtq7AsfS8qw==",
      "dev": true,
      "license": "Apache-2.0"
    },
    "node_modules/@prisma/fetch-engine": {
      "version": "7.1.0",
      "resolved": "https://registry.npmjs.org/@prisma/fetch-engine/-/fetch-engine-7.1.0.tgz",
      "integrity": "sha512-GZYF5Q8kweXWGfn87hTu17kw7x1DgnehgKoE4Zg1BmHYF3y1Uu0QRY/qtSE4veH3g+LW8f9HKqA0tARG66bxxQ==",
      "dev": true,
      "license": "Apache-2.0",
      "dependencies": {
        "@prisma/debug": "7.1.0",
        "@prisma/engines-version": "7.1.0-6.ab635e6b9d606fa5c8fb8b1a7f909c3c3c1c98ba",
        "@prisma/get-platform": "7.1.0"
      }
    },
    "node_modules/@prisma/get-platform": {
      "version": "7.1.0",
      "resolved": "https://registry.npmjs.org/@prisma/get-platform/-/get-platform-7.1.0.tgz",
      "integrity": "sha512-lq8hMdjKiZftuT5SssYB3EtQj8+YjL24/ZTLflQqzFquArKxBcyp6Xrblto+4lzIKJqnpOjfMiBjMvl7YuD7+Q==",
      "dev": true,
      "license": "Apache-2.0",
      "dependencies": {
        "@prisma/debug": "7.1.0"
      }
    },
    "node_modules/backend": {
      "resolved": "..",
      "link": true
    }
  }
}
